// !$*UTF8*$!
{
	archiveVersion = 1;
	classes = {
	};
	objectVersion = 77;
	objects = {

/* Begin PBXBuildFile section */
		C9116FAC2D7FF8E400FD6C8C /* GameManager.swift in Sources */ = {isa = PBXBuildFile; fileRef = C9116FAA2D7FF8E400FD6C8C /* GameManager.swift */; };
		C9116FAF2D7FF8E600FD6C8C /* main.swift in Sources */ = {isa = PBXBuildFile; fileRef = C9116FAD2D7FF8E600FD6C8C /* main.swift */; };
		C9116FB52D7FF92F00FD6C8C /* Hint.swift in Sources */ = {isa = PBXBuildFile; fileRef = C9116FB22D7FF92F00FD6C8C /* Hint.swift */; };
		C9116FB62D7FF92F00FD6C8C /* Baseball.swift in Sources */ = {isa = PBXBuildFile; fileRef = C9116FB02D7FF92F00FD6C8C /* Baseball.swift */; };
		C9116FB82D7FF99100FD6C8C /* InputValidator.swift in Sources */ = {isa = PBXBuildFile; fileRef = C9116FB72D7FF99100FD6C8C /* InputValidator.swift */; };
		C9116FBA2D7FF99E00FD6C8C /* InputValidationError.swift in Sources */ = {isa = PBXBuildFile; fileRef = C9116FB92D7FF99E00FD6C8C /* InputValidationError.swift */; };
		C936FA112D812D4E00E3C59A /* GameUseCase.swift in Sources */ = {isa = PBXBuildFile; fileRef = C936FA102D812D4E00E3C59A /* GameUseCase.swift */; };
/* End PBXBuildFile section */

/* Begin PBXCopyFilesBuildPhase section */
		C9116F872D7FC76300FD6C8C /* CopyFiles */ = {
			isa = PBXCopyFilesBuildPhase;
			buildActionMask = 2147483647;
			dstPath = /usr/share/man/man1/;
			dstSubfolderSpec = 0;
			files = (
			);
			runOnlyForDeploymentPostprocessing = 1;
		};
/* End PBXCopyFilesBuildPhase section */

/* Begin PBXFileReference section */
		C9116F892D7FC76300FD6C8C /* BaseballGame */ = {isa = PBXFileReference; explicitFileType = "compiled.mach-o.executable"; includeInIndex = 0; path = BaseballGame; sourceTree = BUILT_PRODUCTS_DIR; };
		C9116FAA2D7FF8E400FD6C8C /* GameManager.swift */ = {isa = PBXFileReference; lastKnownFileType = sourcecode.swift; path = GameManager.swift; sourceTree = "<group>"; };
		C9116FAD2D7FF8E600FD6C8C /* main.swift */ = {isa = PBXFileReference; lastKnownFileType = sourcecode.swift; path = main.swift; sourceTree = "<group>"; };
		C9116FB02D7FF92F00FD6C8C /* Baseball.swift */ = {isa = PBXFileReference; lastKnownFileType = sourcecode.swift; path = Baseball.swift; sourceTree = "<group>"; };
		C9116FB22D7FF92F00FD6C8C /* Hint.swift */ = {isa = PBXFileReference; lastKnownFileType = sourcecode.swift; path = Hint.swift; sourceTree = "<group>"; };
		C9116FB72D7FF99100FD6C8C /* InputValidator.swift */ = {isa = PBXFileReference; lastKnownFileType = sourcecode.swift; path = InputValidator.swift; sourceTree = "<group>"; };
		C9116FB92D7FF99E00FD6C8C /* InputValidationError.swift */ = {isa = PBXFileReference; lastKnownFileType = sourcecode.swift; path = InputValidationError.swift; sourceTree = "<group>"; };
		C936FA102D812D4E00E3C59A /* GameUseCase.swift */ = {isa = PBXFileReference; lastKnownFileType = sourcecode.swift; path = GameUseCase.swift; sourceTree = "<group>"; };
/* End PBXFileReference section */

/* Begin PBXFrameworksBuildPhase section */
		C9116F862D7FC76300FD6C8C /* Frameworks */ = {
			isa = PBXFrameworksBuildPhase;
			buildActionMask = 2147483647;
			files = (
			);
			runOnlyForDeploymentPostprocessing = 0;
		};
/* End PBXFrameworksBuildPhase section */

/* Begin PBXGroup section */
		C9116F802D7FC76300FD6C8C = {
			isa = PBXGroup;
			children = (
				C9116F9F2D7FF70100FD6C8C /* BaseballGame */,
				C9116F8A2D7FC76300FD6C8C /* Products */,
			);
			sourceTree = "<group>";
		};
		C9116F8A2D7FC76300FD6C8C /* Products */ = {
			isa = PBXGroup;
			children = (
				C9116F892D7FC76300FD6C8C /* BaseballGame */,
			);
			name = Products;
			sourceTree = "<group>";
		};
		C9116F9F2D7FF70100FD6C8C /* BaseballGame */ = {
			isa = PBXGroup;
			children = (
				C9116FB32D7FF92F00FD6C8C /* Domain */,
				C9116FAE2D7FF8E600FD6C8C /* Presentation */,
				C9116FAB2D7FF8E400FD6C8C /* UseCases */,
			);
			path = BaseballGame;
			sourceTree = "<group>";
		};
		C9116FAB2D7FF8E400FD6C8C /* UseCases */ = {
			isa = PBXGroup;
			children = (
				C936FA102D812D4E00E3C59A /* GameUseCase.swift */,
				C9116FB72D7FF99100FD6C8C /* InputValidator.swift */,
			);
			path = UseCases;
			sourceTree = "<group>";
		};
		C9116FAE2D7FF8E600FD6C8C /* Presentation */ = {
			isa = PBXGroup;
			children = (
				C9116FAD2D7FF8E600FD6C8C /* main.swift */,
				C9116FAA2D7FF8E400FD6C8C /* GameManager.swift */,
			);
			path = Presentation;
			sourceTree = "<group>";
		};
		C9116FB32D7FF92F00FD6C8C /* Domain */ = {
			isa = PBXGroup;
			children = (
				C9116FB02D7FF92F00FD6C8C /* Baseball.swift */,
				C9116FB22D7FF92F00FD6C8C /* Hint.swift */,
				C9116FB92D7FF99E00FD6C8C /* InputValidationError.swift */,
			);
			path = Domain;
			sourceTree = "<group>";
		};
/* End PBXGroup section */

/* Begin PBXNativeTarget section */
		C9116F882D7FC76300FD6C8C /* BaseballGame */ = {
			isa = PBXNativeTarget;
			buildConfigurationList = C9116F902D7FC76300FD6C8C /* Build configuration list for PBXNativeTarget "BaseballGame" */;
			buildPhases = (
				C9116F852D7FC76300FD6C8C /* Sources */,
				C9116F862D7FC76300FD6C8C /* Frameworks */,
				C9116F872D7FC76300FD6C8C /* CopyFiles */,
			);
			buildRules = (
			);
			dependencies = (
			);
			name = BaseballGame;
			packageProductDependencies = (
			);
			productName = BaseballGame;
			productReference = C9116F892D7FC76300FD6C8C /* BaseballGame */;
			productType = "com.apple.product-type.tool";
		};
/* End PBXNativeTarget section */

/* Begin PBXProject section */
		C9116F812D7FC76300FD6C8C /* Project object */ = {
			isa = PBXProject;
			attributes = {
				BuildIndependentTargetsInParallel = 1;
				LastSwiftUpdateCheck = 1620;
				LastUpgradeCheck = 1620;
				TargetAttributes = {
					C9116F882D7FC76300FD6C8C = {
						CreatedOnToolsVersion = 16.2;
					};
				};
			};
			buildConfigurationList = C9116F842D7FC76300FD6C8C /* Build configuration list for PBXProject "BaseballGame" */;
			developmentRegion = en;
			hasScannedForEncodings = 0;
			knownRegions = (
				en,
				Base,
			);
			mainGroup = C9116F802D7FC76300FD6C8C;
			minimizedProjectReferenceProxies = 1;
			preferredProjectObjectVersion = 77;
			productRefGroup = C9116F8A2D7FC76300FD6C8C /* Products */;
			projectDirPath = "";
			projectRoot = "";
			targets = (
				C9116F882D7FC76300FD6C8C /* BaseballGame */,
			);
		};
/* End PBXProject section */

/* Begin PBXSourcesBuildPhase section */
		C9116F852D7FC76300FD6C8C /* Sources */ = {
			isa = PBXSourcesBuildPhase;
			buildActionMask = 2147483647;
			files = (
				C9116FB82D7FF99100FD6C8C /* InputValidator.swift in Sources */,
				C9116FB52D7FF92F00FD6C8C /* Hint.swift in Sources */,
				C9116FB62D7FF92F00FD6C8C /* Baseball.swift in Sources */,
				C9116FBA2D7FF99E00FD6C8C /* InputValidationError.swift in Sources */,
				C9116FAF2D7FF8E600FD6C8C /* main.swift in Sources */,
				C9116FAC2D7FF8E400FD6C8C /* GameManager.swift in Sources */,
				C936FA112D812D4E00E3C59A /* GameUseCase.swift in Sources */,
			);
			runOnlyForDeploymentPostprocessing = 0;
		};
/* End PBXSourcesBuildPhase section */

/* Begin XCBuildConfiguration section */
		C9116F8E2D7FC76300FD6C8C /* Debug */ = {
			isa = XCBuildConfiguration;
			buildSettings = {
				ALWAYS_SEARCH_USER_PATHS = NO;
				ASSETCATALOG_COMPILER_GENERATE_SWIFT_ASSET_SYMBOL_EXTENSIONS = YES;
				CLANG_ANALYZER_NONNULL = YES;
				CLANG_ANALYZER_NUMBER_OBJECT_CONVERSION = YES_AGGRESSIVE;
				CLANG_CXX_LANGUAGE_STANDARD = "gnu++20";
				CLANG_ENABLE_MODULES = YES;
				CLANG_ENABLE_OBJC_ARC = YES;
				CLANG_ENABLE_OBJC_WEAK = YES;
				CLANG_WARN_BLOCK_CAPTURE_AUTORELEASING = YES;
				CLANG_WARN_BOOL_CONVERSION = YES;
				CLANG_WARN_COMMA = YES;
				CLANG_WARN_CONSTANT_CONVERSION = YES;
				CLANG_WARN_DEPRECATED_OBJC_IMPLEMENTATIONS = YES;
				CLANG_WARN_DIRECT_OBJC_ISA_USAGE = YES_ERROR;
				CLANG_WARN_DOCUMENTATION_COMMENTS = YES;
				CLANG_WARN_EMPTY_BODY = YES;
				CLANG_WARN_ENUM_CONVERSION = YES;
				CLANG_WARN_INFINITE_RECURSION = YES;
				CLANG_WARN_INT_CONVERSION = YES;
				CLANG_WARN_NON_LITERAL_NULL_CONVERSION = YES;
				CLANG_WARN_OBJC_IMPLICIT_RETAIN_SELF = YES;
				CLANG_WARN_OBJC_LITERAL_CONVERSION = YES;
				CLANG_WARN_OBJC_ROOT_CLASS = YES_ERROR;
				CLANG_WARN_QUOTED_INCLUDE_IN_FRAMEWORK_HEADER = YES;
				CLANG_WARN_RANGE_LOOP_ANALYSIS = YES;
				CLANG_WARN_STRICT_PROTOTYPES = YES;
				CLANG_WARN_SUSPICIOUS_MOVE = YES;
				CLANG_WARN_UNGUARDED_AVAILABILITY = YES_AGGRESSIVE;
				CLANG_WARN_UNREACHABLE_CODE = YES;
				CLANG_WARN__DUPLICATE_METHOD_MATCH = YES;
				COPY_PHASE_STRIP = NO;
				DEBUG_INFORMATION_FORMAT = dwarf;
				ENABLE_STRICT_OBJC_MSGSEND = YES;
				ENABLE_TESTABILITY = YES;
				ENABLE_USER_SCRIPT_SANDBOXING = YES;
				GCC_C_LANGUAGE_STANDARD = gnu17;
				GCC_DYNAMIC_NO_PIC = NO;
				GCC_NO_COMMON_BLOCKS = YES;
				GCC_OPTIMIZATION_LEVEL = 0;
				GCC_PREPROCESSOR_DEFINITIONS = (
					"DEBUG=1",
					"$(inherited)",
				);
				GCC_WARN_64_TO_32_BIT_CONVERSION = YES;
				GCC_WARN_ABOUT_RETURN_TYPE = YES_ERROR;
				GCC_WARN_UNDECLARED_SELECTOR = YES;
				GCC_WARN_UNINITIALIZED_AUTOS = YES_AGGRESSIVE;
				GCC_WARN_UNUSED_FUNCTION = YES;
				GCC_WARN_UNUSED_VARIABLE = YES;
				LOCALIZATION_PREFERS_STRING_CATALOGS = YES;
				MACOSX_DEPLOYMENT_TARGET = 15.0;
				MTL_ENABLE_DEBUG_INFO = INCLUDE_SOURCE;
				MTL_FAST_MATH = YES;
				ONLY_ACTIVE_ARCH = YES;
				SDKROOT = macosx;
				SWIFT_ACTIVE_COMPILATION_CONDITIONS = "DEBUG $(inherited)";
				SWIFT_OPTIMIZATION_LEVEL = "-Onone";
			};
			name = Debug;
		};
		C9116F8F2D7FC76300FD6C8C /* Release */ = {
			isa = XCBuildConfiguration;
			buildSettings = {
				ALWAYS_SEARCH_USER_PATHS = NO;
				ASSETCATALOG_COMPILER_GENERATE_SWIFT_ASSET_SYMBOL_EXTENSIONS = YES;
				CLANG_ANALYZER_NONNULL = YES;
				CLANG_ANALYZER_NUMBER_OBJECT_CONVERSION = YES_AGGRESSIVE;
				CLANG_CXX_LANGUAGE_STANDARD = "gnu++20";
				CLANG_ENABLE_MODULES = YES;
				CLANG_ENABLE_OBJC_ARC = YES;
				CLANG_ENABLE_OBJC_WEAK = YES;
				CLANG_WARN_BLOCK_CAPTURE_AUTORELEASING = YES;
				CLANG_WARN_BOOL_CONVERSION = YES;
				CLANG_WARN_COMMA = YES;
				CLANG_WARN_CONSTANT_CONVERSION = YES;
				CLANG_WARN_DEPRECATED_OBJC_IMPLEMENTATIONS = YES;
				CLANG_WARN_DIRECT_OBJC_ISA_USAGE = YES_ERROR;
				CLANG_WARN_DOCUMENTATION_COMMENTS = YES;
				CLANG_WARN_EMPTY_BODY = YES;
				CLANG_WARN_ENUM_CONVERSION = YES;
				CLANG_WARN_INFINITE_RECURSION = YES;
				CLANG_WARN_INT_CONVERSION = YES;
				CLANG_WARN_NON_LITERAL_NULL_CONVERSION = YES;
				CLANG_WARN_OBJC_IMPLICIT_RETAIN_SELF = YES;
				CLANG_WARN_OBJC_LITERAL_CONVERSION = YES;
				CLANG_WARN_OBJC_ROOT_CLASS = YES_ERROR;
				CLANG_WARN_QUOTED_INCLUDE_IN_FRAMEWORK_HEADER = YES;
				CLANG_WARN_RANGE_LOOP_ANALYSIS = YES;
				CLANG_WARN_STRICT_PROTOTYPES = YES;
				CLANG_WARN_SUSPICIOUS_MOVE = YES;
				CLANG_WARN_UNGUARDED_AVAILABILITY = YES_AGGRESSIVE;
				CLANG_WARN_UNREACHABLE_CODE = YES;
				CLANG_WARN__DUPLICATE_METHOD_MATCH = YES;
				COPY_PHASE_STRIP = NO;
				DEBUG_INFORMATION_FORMAT = "dwarf-with-dsym";
				ENABLE_NS_ASSERTIONS = NO;
				ENABLE_STRICT_OBJC_MSGSEND = YES;
				ENABLE_USER_SCRIPT_SANDBOXING = YES;
				GCC_C_LANGUAGE_STANDARD = gnu17;
				GCC_NO_COMMON_BLOCKS = YES;
				GCC_WARN_64_TO_32_BIT_CONVERSION = YES;
				GCC_WARN_ABOUT_RETURN_TYPE = YES_ERROR;
				GCC_WARN_UNDECLARED_SELECTOR = YES;
				GCC_WARN_UNINITIALIZED_AUTOS = YES_AGGRESSIVE;
				GCC_WARN_UNUSED_FUNCTION = YES;
				GCC_WARN_UNUSED_VARIABLE = YES;
				LOCALIZATION_PREFERS_STRING_CATALOGS = YES;
				MACOSX_DEPLOYMENT_TARGET = 15.0;
				MTL_ENABLE_DEBUG_INFO = NO;
				MTL_FAST_MATH = YES;
				SDKROOT = macosx;
				SWIFT_COMPILATION_MODE = wholemodule;
			};
			name = Release;
		};
		C9116F912D7FC76300FD6C8C /* Debug */ = {
			isa = XCBuildConfiguration;
			buildSettings = {
				CODE_SIGN_STYLE = Automatic;
				DEVELOPMENT_TEAM = YMLG3QVVWG;
				ENABLE_HARDENED_RUNTIME = YES;
				PRODUCT_NAME = "$(TARGET_NAME)";
				SWIFT_VERSION = 5.0;
			};
			name = Debug;
		};
		C9116F922D7FC76300FD6C8C /* Release */ = {
			isa = XCBuildConfiguration;
			buildSettings = {
				CODE_SIGN_STYLE = Automatic;
				DEVELOPMENT_TEAM = YMLG3QVVWG;
				ENABLE_HARDENED_RUNTIME = YES;
				PRODUCT_NAME = "$(TARGET_NAME)";
				SWIFT_VERSION = 5.0;
			};
			name = Release;
		};
/* End XCBuildConfiguration section */

/* Begin XCConfigurationList section */
		C9116F842D7FC76300FD6C8C /* Build configuration list for PBXProject "BaseballGame" */ = {
			isa = XCConfigurationList;
			buildConfigurations = (
				C9116F8E2D7FC76300FD6C8C /* Debug */,
				C9116F8F2D7FC76300FD6C8C /* Release */,
			);
			defaultConfigurationIsVisible = 0;
			defaultConfigurationName = Release;
		};
		C9116F902D7FC76300FD6C8C /* Build configuration list for PBXNativeTarget "BaseballGame" */ = {
			isa = XCConfigurationList;
			buildConfigurations = (
				C9116F912D7FC76300FD6C8C /* Debug */,
				C9116F922D7FC76300FD6C8C /* Release */,
			);
			defaultConfigurationIsVisible = 0;
			defaultConfigurationName = Release;
		};
/* End XCConfigurationList section */
	};
	rootObject = C9116F812D7FC76300FD6C8C /* Project object */;
}
